
Microsoft Visual Studio Solution File, Format Version 12.00
# Visual Studio Version 16
VisualStudioVersion = 16.0.29728.190
MinimumVisualStudioVersion = 10.0.40219.1
Project("{FAE04EC0-301F-11D3-BF4B-00C04F79EFBC}") = "StringInterpolationExample", "StringInterpolation\StringInterpolationExample.csproj", "{8B96035B-FC25-4C62-AF87-917DE8815AAD}"
EndProject
Project("{FAE04EC0-301F-11D3-BF4B-00C04F79EFBC}") = "CustomStringInterpolation", "CustomStringInterpolation\CustomStringInterpolation.csproj", "{E80C7D86-340F-48FC-8D6E-439CFB015F21}"
EndProject
Global
	GlobalSection(SolutionConfigurationPlatforms) = preSolution
		Debug|Any CPU = Debug|Any CPU
		Release|Any CPU = Release|Any CPU
	EndGlobalSection
	GlobalSection(ProjectConfigurationPlatforms) = postSolution
		{8B96035B-FC25-4C62-AF87-917DE8815AAD}.Debug|Any CPU.ActiveCfg = Debug|Any CPU
		{8B96035B-FC25-4C62-AF87-917DE8815AAD}.Debug|Any CPU.Build.0 = Debug|Any CPU
		{8B96035B-FC25-4C62-AF87-917DE8815AAD}.Release|Any CPU.ActiveCfg = Release|Any CPU
		{8B96035B-FC25-4C62-AF87-917DE8815AAD}.Release|Any CPU.Build.0 = Release|Any CPU
		{E80C7D86-340F-48FC-8D6E-439CFB015F21}.Debug|Any CPU.ActiveCfg = Debug|Any CPU
		{E80C7D86-340F-48FC-8D6E-439CFB015F21}.Debug|Any CPU.Build.0 = Debug|Any CPU
		{E80C7D86-340F-48FC-8D6E-439CFB015F21}.Release|Any CPU.ActiveCfg = Release|Any CPU
		{E80C7D86-340F-48FC-8D6E-439CFB015F21}.Release|Any CPU.Build.0 = Release|Any CPU
	EndGlobalSection
	GlobalSection(SolutionProperties) = preSolution
		HideSolutionNode = FALSE
	EndGlobalSection
	GlobalSection(ExtensibilityGlobals) = postSolution
		SolutionGuid = {151709E8-02F6-4A61-BC16-9EF7E9E22B81}
	EndGlobalSection
EndGlobal
